
Microsoft Visual Studio Solution File, Format Version 12.00
# Visual Studio 15
VisualStudioVersion = 15.0.26124.0
MinimumVisualStudioVersion = 15.0.26124.0
Project("{2150E333-8FDC-42A3-9474-1A3956D46DE8}") = "src", "src", "{BA7AA158-37A2-4ED5-BDB6-5CC58307F7B5}"
EndProject
Project("{FAE04EC0-301F-11D3-BF4B-00C04F79EFBC}") = "CommandAPI", "src\CommandAPI\CommandAPI.csproj", "{9614F8D0-430A-4C8B-96AC-6104BC02EFE8}"
EndProject
Project("{2150E333-8FDC-42A3-9474-1A3956D46DE8}") = "test", "test", "{76E71B6E-6000-48D9-8EF1-7AB9073CF61D}"
EndProject
Project("{FAE04EC0-301F-11D3-BF4B-00C04F79EFBC}") = "CommandAPI.Tests", "test\CommandAPI.Tests\CommandAPI.Tests.csproj", "{A02FF09F-6220-408C-8AA4-4701E54C0DD4}"
EndProject
Global
	GlobalSection(SolutionConfigurationPlatforms) = preSolution
		Debug|Any CPU = Debug|Any CPU
		Debug|x64 = Debug|x64
		Debug|x86 = Debug|x86
		Release|Any CPU = Release|Any CPU
		Release|x64 = Release|x64
		Release|x86 = Release|x86
	EndGlobalSection
	GlobalSection(SolutionProperties) = preSolution
		HideSolutionNode = FALSE
	EndGlobalSection
	GlobalSection(ProjectConfigurationPlatforms) = postSolution
		{9614F8D0-430A-4C8B-96AC-6104BC02EFE8}.Debug|Any CPU.ActiveCfg = Debug|Any CPU
		{9614F8D0-430A-4C8B-96AC-6104BC02EFE8}.Debug|Any CPU.Build.0 = Debug|Any CPU
		{9614F8D0-430A-4C8B-96AC-6104BC02EFE8}.Debug|x64.ActiveCfg = Debug|Any CPU
		{9614F8D0-430A-4C8B-96AC-6104BC02EFE8}.Debug|x64.Build.0 = Debug|Any CPU
		{9614F8D0-430A-4C8B-96AC-6104BC02EFE8}.Debug|x86.ActiveCfg = Debug|Any CPU
		{9614F8D0-430A-4C8B-96AC-6104BC02EFE8}.Debug|x86.Build.0 = Debug|Any CPU
		{9614F8D0-430A-4C8B-96AC-6104BC02EFE8}.Release|Any CPU.ActiveCfg = Release|Any CPU
		{9614F8D0-430A-4C8B-96AC-6104BC02EFE8}.Release|Any CPU.Build.0 = Release|Any CPU
		{9614F8D0-430A-4C8B-96AC-6104BC02EFE8}.Release|x64.ActiveCfg = Release|Any CPU
		{9614F8D0-430A-4C8B-96AC-6104BC02EFE8}.Release|x64.Build.0 = Release|Any CPU
		{9614F8D0-430A-4C8B-96AC-6104BC02EFE8}.Release|x86.ActiveCfg = Release|Any CPU
		{9614F8D0-430A-4C8B-96AC-6104BC02EFE8}.Release|x86.Build.0 = Release|Any CPU
		{A02FF09F-6220-408C-8AA4-4701E54C0DD4}.Debug|Any CPU.ActiveCfg = Debug|Any CPU
		{A02FF09F-6220-408C-8AA4-4701E54C0DD4}.Debug|Any CPU.Build.0 = Debug|Any CPU
		{A02FF09F-6220-408C-8AA4-4701E54C0DD4}.Debug|x64.ActiveCfg = Debug|Any CPU
		{A02FF09F-6220-408C-8AA4-4701E54C0DD4}.Debug|x64.Build.0 = Debug|Any CPU
		{A02FF09F-6220-408C-8AA4-4701E54C0DD4}.Debug|x86.ActiveCfg = Debug|Any CPU
		{A02FF09F-6220-408C-8AA4-4701E54C0DD4}.Debug|x86.Build.0 = Debug|Any CPU
		{A02FF09F-6220-408C-8AA4-4701E54C0DD4}.Release|Any CPU.ActiveCfg = Release|Any CPU
		{A02FF09F-6220-408C-8AA4-4701E54C0DD4}.Release|Any CPU.Build.0 = Release|Any CPU
		{A02FF09F-6220-408C-8AA4-4701E54C0DD4}.Release|x64.ActiveCfg = Release|Any CPU
		{A02FF09F-6220-408C-8AA4-4701E54C0DD4}.Release|x64.Build.0 = Release|Any CPU
		{A02FF09F-6220-408C-8AA4-4701E54C0DD4}.Release|x86.ActiveCfg = Release|Any CPU
		{A02FF09F-6220-408C-8AA4-4701E54C0DD4}.Release|x86.Build.0 = Release|Any CPU
	EndGlobalSection
	GlobalSection(NestedProjects) = preSolution
		{9614F8D0-430A-4C8B-96AC-6104BC02EFE8} = {BA7AA158-37A2-4ED5-BDB6-5CC58307F7B5}
		{A02FF09F-6220-408C-8AA4-4701E54C0DD4} = {76E71B6E-6000-48D9-8EF1-7AB9073CF61D}
	EndGlobalSection
EndGlobal
